{
  "name": "@noemuch/bridge-ds",
  "version": "2.0.0",
  "lockfileVersion": 3,
  "requires": true,
  "packages": {
    "": {
      "name": "@noemuch/bridge-ds",
      "version": "2.0.0",
      "license": "MIT",
      "bin": {
        "bridge-ds": "bin/bridge.js"
      },
      "engines": {
        "node": ">=18"
      }
    }
  }
}
